
Microsoft Visual Studio Solution File, Format Version 12.00
# Visual Studio 15
VisualStudioVersion = 15.0.26124.0
MinimumVisualStudioVersion = 15.0.26124.0
Project("{2150E333-8FDC-42A3-9474-1A3956D46DE8}") = "src", "src", "{42D1F970-533C-4267-B93F-7AC860FE42A9}"
EndProject
Project("{FAE04EC0-301F-11D3-BF4B-00C04F79EFBC}") = "Manager.API", "src\1- Manager.API\Manager.API.csproj", "{CDBC0666-A475-4261-AC40-FFE0B99A8654}"
EndProject
Project("{FAE04EC0-301F-11D3-BF4B-00C04F79EFBC}") = "Manager.Domain", "src\2- Manager.Domain\Manager.Domain.csproj", "{4CB4BB31-BFD2-4AFD-B347-11D794D1181C}"
EndProject
Project("{FAE04EC0-301F-11D3-BF4B-00C04F79EFBC}") = "Manager.Service", "src\3- Manager.Service\Manager.Service.csproj", "{83021BC2-38F4-4599-92AF-AC0944F425A1}"
EndProject
Project("{FAE04EC0-301F-11D3-BF4B-00C04F79EFBC}") = "Manager.Infra", "src\4- Manager.Infra\Manager.Infra.csproj", "{B4CA2C93-34C6-4CA4-BFBF-61983EC7FD4C}"
EndProject
Project("{FAE04EC0-301F-11D3-BF4B-00C04F79EFBC}") = "Manager.Core", "src\5- Manager.Core\Manager.Core.csproj", "{DD63F88F-453F-4ADF-9696-29B62ABFC994}"
EndProject
Global
	GlobalSection(SolutionConfigurationPlatforms) = preSolution
		Debug|Any CPU = Debug|Any CPU
		Debug|x64 = Debug|x64
		Debug|x86 = Debug|x86
		Release|Any CPU = Release|Any CPU
		Release|x64 = Release|x64
		Release|x86 = Release|x86
	EndGlobalSection
	GlobalSection(SolutionProperties) = preSolution
		HideSolutionNode = FALSE
	EndGlobalSection
	GlobalSection(ProjectConfigurationPlatforms) = postSolution
		{CDBC0666-A475-4261-AC40-FFE0B99A8654}.Debug|Any CPU.ActiveCfg = Debug|Any CPU
		{CDBC0666-A475-4261-AC40-FFE0B99A8654}.Debug|Any CPU.Build.0 = Debug|Any CPU
		{CDBC0666-A475-4261-AC40-FFE0B99A8654}.Debug|x64.ActiveCfg = Debug|Any CPU
		{CDBC0666-A475-4261-AC40-FFE0B99A8654}.Debug|x64.Build.0 = Debug|Any CPU
		{CDBC0666-A475-4261-AC40-FFE0B99A8654}.Debug|x86.ActiveCfg = Debug|Any CPU
		{CDBC0666-A475-4261-AC40-FFE0B99A8654}.Debug|x86.Build.0 = Debug|Any CPU
		{CDBC0666-A475-4261-AC40-FFE0B99A8654}.Release|Any CPU.ActiveCfg = Release|Any CPU
		{CDBC0666-A475-4261-AC40-FFE0B99A8654}.Release|Any CPU.Build.0 = Release|Any CPU
		{CDBC0666-A475-4261-AC40-FFE0B99A8654}.Release|x64.ActiveCfg = Release|Any CPU
		{CDBC0666-A475-4261-AC40-FFE0B99A8654}.Release|x64.Build.0 = Release|Any CPU
		{CDBC0666-A475-4261-AC40-FFE0B99A8654}.Release|x86.ActiveCfg = Release|Any CPU
		{CDBC0666-A475-4261-AC40-FFE0B99A8654}.Release|x86.Build.0 = Release|Any CPU
		{4CB4BB31-BFD2-4AFD-B347-11D794D1181C}.Debug|Any CPU.ActiveCfg = Debug|Any CPU
		{4CB4BB31-BFD2-4AFD-B347-11D794D1181C}.Debug|Any CPU.Build.0 = Debug|Any CPU
		{4CB4BB31-BFD2-4AFD-B347-11D794D1181C}.Debug|x64.ActiveCfg = Debug|Any CPU
		{4CB4BB31-BFD2-4AFD-B347-11D794D1181C}.Debug|x64.Build.0 = Debug|Any CPU
		{4CB4BB31-BFD2-4AFD-B347-11D794D1181C}.Debug|x86.ActiveCfg = Debug|Any CPU
		{4CB4BB31-BFD2-4AFD-B347-11D794D1181C}.Debug|x86.Build.0 = Debug|Any CPU
		{4CB4BB31-BFD2-4AFD-B347-11D794D1181C}.Release|Any CPU.ActiveCfg = Release|Any CPU
		{4CB4BB31-BFD2-4AFD-B347-11D794D1181C}.Release|Any CPU.Build.0 = Release|Any CPU
		{4CB4BB31-BFD2-4AFD-B347-11D794D1181C}.Release|x64.ActiveCfg = Release|Any CPU
		{4CB4BB31-BFD2-4AFD-B347-11D794D1181C}.Release|x64.Build.0 = Release|Any CPU
		{4CB4BB31-BFD2-4AFD-B347-11D794D1181C}.Release|x86.ActiveCfg = Release|Any CPU
		{4CB4BB31-BFD2-4AFD-B347-11D794D1181C}.Release|x86.Build.0 = Release|Any CPU
		{83021BC2-38F4-4599-92AF-AC0944F425A1}.Debug|Any CPU.ActiveCfg = Debug|Any CPU
		{83021BC2-38F4-4599-92AF-AC0944F425A1}.Debug|Any CPU.Build.0 = Debug|Any CPU
		{83021BC2-38F4-4599-92AF-AC0944F425A1}.Debug|x64.ActiveCfg = Debug|Any CPU
		{83021BC2-38F4-4599-92AF-AC0944F425A1}.Debug|x64.Build.0 = Debug|Any CPU
		{83021BC2-38F4-4599-92AF-AC0944F425A1}.Debug|x86.ActiveCfg = Debug|Any CPU
		{83021BC2-38F4-4599-92AF-AC0944F425A1}.Debug|x86.Build.0 = Debug|Any CPU
		{83021BC2-38F4-4599-92AF-AC0944F425A1}.Release|Any CPU.ActiveCfg = Release|Any CPU
		{83021BC2-38F4-4599-92AF-AC0944F425A1}.Release|Any CPU.Build.0 = Release|Any CPU
		{83021BC2-38F4-4599-92AF-AC0944F425A1}.Release|x64.ActiveCfg = Release|Any CPU
		{83021BC2-38F4-4599-92AF-AC0944F425A1}.Release|x64.Build.0 = Release|Any CPU
		{83021BC2-38F4-4599-92AF-AC0944F425A1}.Release|x86.ActiveCfg = Release|Any CPU
		{83021BC2-38F4-4599-92AF-AC0944F425A1}.Release|x86.Build.0 = Release|Any CPU
		{B4CA2C93-34C6-4CA4-BFBF-61983EC7FD4C}.Debug|Any CPU.ActiveCfg = Debug|Any CPU
		{B4CA2C93-34C6-4CA4-BFBF-61983EC7FD4C}.Debug|Any CPU.Build.0 = Debug|Any CPU
		{B4CA2C93-34C6-4CA4-BFBF-61983EC7FD4C}.Debug|x64.ActiveCfg = Debug|Any CPU
		{B4CA2C93-34C6-4CA4-BFBF-61983EC7FD4C}.Debug|x64.Build.0 = Debug|Any CPU
		{B4CA2C93-34C6-4CA4-BFBF-61983EC7FD4C}.Debug|x86.ActiveCfg = Debug|Any CPU
		{B4CA2C93-34C6-4CA4-BFBF-61983EC7FD4C}.Debug|x86.Build.0 = Debug|Any CPU
		{B4CA2C93-34C6-4CA4-BFBF-61983EC7FD4C}.Release|Any CPU.ActiveCfg = Release|Any CPU
		{B4CA2C93-34C6-4CA4-BFBF-61983EC7FD4C}.Release|Any CPU.Build.0 = Release|Any CPU
		{B4CA2C93-34C6-4CA4-BFBF-61983EC7FD4C}.Release|x64.ActiveCfg = Release|Any CPU
		{B4CA2C93-34C6-4CA4-BFBF-61983EC7FD4C}.Release|x64.Build.0 = Release|Any CPU
		{B4CA2C93-34C6-4CA4-BFBF-61983EC7FD4C}.Release|x86.ActiveCfg = Release|Any CPU
		{B4CA2C93-34C6-4CA4-BFBF-61983EC7FD4C}.Release|x86.Build.0 = Release|Any CPU
		{DD63F88F-453F-4ADF-9696-29B62ABFC994}.Debug|Any CPU.ActiveCfg = Debug|Any CPU
		{DD63F88F-453F-4ADF-9696-29B62ABFC994}.Debug|Any CPU.Build.0 = Debug|Any CPU
		{DD63F88F-453F-4ADF-9696-29B62ABFC994}.Debug|x64.ActiveCfg = Debug|Any CPU
		{DD63F88F-453F-4ADF-9696-29B62ABFC994}.Debug|x64.Build.0 = Debug|Any CPU
		{DD63F88F-453F-4ADF-9696-29B62ABFC994}.Debug|x86.ActiveCfg = Debug|Any CPU
		{DD63F88F-453F-4ADF-9696-29B62ABFC994}.Debug|x86.Build.0 = Debug|Any CPU
		{DD63F88F-453F-4ADF-9696-29B62ABFC994}.Release|Any CPU.ActiveCfg = Release|Any CPU
		{DD63F88F-453F-4ADF-9696-29B62ABFC994}.Release|Any CPU.Build.0 = Release|Any CPU
		{DD63F88F-453F-4ADF-9696-29B62ABFC994}.Release|x64.ActiveCfg = Release|Any CPU
		{DD63F88F-453F-4ADF-9696-29B62ABFC994}.Release|x64.Build.0 = Release|Any CPU
		{DD63F88F-453F-4ADF-9696-29B62ABFC994}.Release|x86.ActiveCfg = Release|Any CPU
		{DD63F88F-453F-4ADF-9696-29B62ABFC994}.Release|x86.Build.0 = Release|Any CPU
	EndGlobalSection
	GlobalSection(NestedProjects) = preSolution
		{CDBC0666-A475-4261-AC40-FFE0B99A8654} = {42D1F970-533C-4267-B93F-7AC860FE42A9}
		{4CB4BB31-BFD2-4AFD-B347-11D794D1181C} = {42D1F970-533C-4267-B93F-7AC860FE42A9}
		{83021BC2-38F4-4599-92AF-AC0944F425A1} = {42D1F970-533C-4267-B93F-7AC860FE42A9}
		{B4CA2C93-34C6-4CA4-BFBF-61983EC7FD4C} = {42D1F970-533C-4267-B93F-7AC860FE42A9}
		{DD63F88F-453F-4ADF-9696-29B62ABFC994} = {42D1F970-533C-4267-B93F-7AC860FE42A9}
	EndGlobalSection
EndGlobal
